// !$*UTF8*$!
{
	archiveVersion = 1;
	classes = {
	};
	objectVersion = 56;
	objects = {

/* Begin PBXBuildFile section */
		D3B6685E2A2895810007085B /* GIFApp.swift in Sources */ = {isa = PBXBuildFile; fileRef = D3B6685D2A2895810007085B /* GIFApp.swift */; };
		D3B668602A2895810007085B /* ContentView.swift in Sources */ = {isa = PBXBuildFile; fileRef = D3B6685F2A2895810007085B /* ContentView.swift */; };
		D3B668622A2895830007085B /* Assets.xcassets in Resources */ = {isa = PBXBuildFile; fileRef = D3B668612A2895830007085B /* Assets.xcassets */; };
		D3B668652A2895830007085B /* Preview Assets.xcassets in Resources */ = {isa = PBXBuildFile; fileRef = D3B668642A2895830007085B /* Preview Assets.xcassets */; };
		D3B6686F2A2895830007085B /* GIFTests.swift in Sources */ = {isa = PBXBuildFile; fileRef = D3B6686E2A2895830007085B /* GIFTests.swift */; };
		D3B668792A2895830007085B /* GIFUITests.swift in Sources */ = {isa = PBXBuildFile; fileRef = D3B668782A2895830007085B /* GIFUITests.swift */; };
		D3B6687B2A2895830007085B /* GIFUITestsLaunchTests.swift in Sources */ = {isa = PBXBuildFile; fileRef = D3B6687A2A2895830007085B /* GIFUITestsLaunchTests.swift */; };
		D3B6688E2A2895D40007085B /* WidgetKit.framework in Frameworks */ = {isa = PBXBuildFile; fileRef = D3B6688D2A2895D40007085B /* WidgetKit.framework */; };
		D3B668902A2895D40007085B /* SwiftUI.framework in Frameworks */ = {isa = PBXBuildFile; fileRef = D3B6688F2A2895D40007085B /* SwiftUI.framework */; };
		D3B668932A2895D40007085B /* WidgetGIFBundle.swift in Sources */ = {isa = PBXBuildFile; fileRef = D3B668922A2895D40007085B /* WidgetGIFBundle.swift */; };
		D3B668972A2895D60007085B /* Assets.xcassets in Resources */ = {isa = PBXBuildFile; fileRef = D3B668962A2895D60007085B /* Assets.xcassets */; };
		D3B6689B2A2895D60007085B /* WidgetGIFExtension.appex in Embed Foundation Extensions */ = {isa = PBXBuildFile; fileRef = D3B6688B2A2895D40007085B /* WidgetGIFExtension.appex */; settings = {ATTRIBUTES = (RemoveHeadersOnCopy, ); }; };
		D3B668A52A289B3E0007085B /* jerry-tom.gif in Resources */ = {isa = PBXBuildFile; fileRef = D3B668A42A289B3E0007085B /* jerry-tom.gif */; };
		D3B668A62A289B3E0007085B /* jerry-tom.gif in Resources */ = {isa = PBXBuildFile; fileRef = D3B668A42A289B3E0007085B /* jerry-tom.gif */; };
		D3B668AC2A28A3890007085B /* SDWebImage in Frameworks */ = {isa = PBXBuildFile; productRef = D3B668AB2A28A3890007085B /* SDWebImage */; };
		D3B668AE2A28A3890007085B /* SDWebImageMapKit in Frameworks */ = {isa = PBXBuildFile; productRef = D3B668AD2A28A3890007085B /* SDWebImageMapKit */; };
		D3B668B02A28BC100007085B /* Assets.xcassets in Resources */ = {isa = PBXBuildFile; fileRef = D3B668612A2895830007085B /* Assets.xcassets */; };
		D3B668B12A28BC170007085B /* ContentView.swift in Sources */ = {isa = PBXBuildFile; fileRef = D3B6685F2A2895810007085B /* ContentView.swift */; };
		D3B668B42A2A40FD0007085B /* FLAnimatedImage in Frameworks */ = {isa = PBXBuildFile; productRef = D3B668B32A2A40FD0007085B /* FLAnimatedImage */; };
		D3B668B82A2B1F4E0007085B /* scary-jerry.png in Resources */ = {isa = PBXBuildFile; fileRef = D3B668B72A2B1F4E0007085B /* scary-jerry.png */; };
		D3B668BA2A2B20500007085B /* WigetGIF.swift in Sources */ = {isa = PBXBuildFile; fileRef = D3B668B92A2B20500007085B /* WigetGIF.swift */; };
/* End PBXBuildFile section */

/* Begin PBXContainerItemProxy section */
		D3B6686B2A2895830007085B /* PBXContainerItemProxy */ = {
			isa = PBXContainerItemProxy;
			containerPortal = D3B668522A2895810007085B /* Project object */;
			proxyType = 1;
			remoteGlobalIDString = D3B668592A2895810007085B;
			remoteInfo = GIF;
		};
		D3B668752A2895830007085B /* PBXContainerItemProxy */ = {
			isa = PBXContainerItemProxy;
			containerPortal = D3B668522A2895810007085B /* Project object */;
			proxyType = 1;
			remoteGlobalIDString = D3B668592A2895810007085B;
			remoteInfo = GIF;
		};
		D3B668992A2895D60007085B /* PBXContainerItemProxy */ = {
			isa = PBXContainerItemProxy;
			containerPortal = D3B668522A2895810007085B /* Project object */;
			proxyType = 1;
			remoteGlobalIDString = D3B6688A2A2895D40007085B;
			remoteInfo = WidgetGIFExtension;
		};
/* End PBXContainerItemProxy section */

/* Begin PBXCopyFilesBuildPhase section */
		D3B6689F2A2895D60007085B /* Embed Foundation Extensions */ = {
			isa = PBXCopyFilesBuildPhase;
			buildActionMask = 2147483647;
			dstPath = "";
			dstSubfolderSpec = 13;
			files = (
				D3B6689B2A2895D60007085B /* WidgetGIFExtension.appex in Embed Foundation Extensions */,
			);
			name = "Embed Foundation Extensions";
			runOnlyForDeploymentPostprocessing = 0;
		};
/* End PBXCopyFilesBuildPhase section */

/* Begin PBXFileReference section */
		D3B6685A2A2895810007085B /* GIF.app */ = {isa = PBXFileReference; explicitFileType = wrapper.application; includeInIndex = 0; path = GIF.app; sourceTree = BUILT_PRODUCTS_DIR; };
		D3B6685D2A2895810007085B /* GIFApp.swift */ = {isa = PBXFileReference; lastKnownFileType = sourcecode.swift; path = GIFApp.swift; sourceTree = "<group>"; };
		D3B6685F2A2895810007085B /* ContentView.swift */ = {isa = PBXFileReference; lastKnownFileType = sourcecode.swift; path = ContentView.swift; sourceTree = "<group>"; };
		D3B668612A2895830007085B /* Assets.xcassets */ = {isa = PBXFileReference; lastKnownFileType = folder.assetcatalog; path = Assets.xcassets; sourceTree = "<group>"; };
		D3B668642A2895830007085B /* Preview Assets.xcassets */ = {isa = PBXFileReference; lastKnownFileType = folder.assetcatalog; path = "Preview Assets.xcassets"; sourceTree = "<group>"; };
		D3B6686A2A2895830007085B /* GIFTests.xctest */ = {isa = PBXFileReference; explicitFileType = wrapper.cfbundle; includeInIndex = 0; path = GIFTests.xctest; sourceTree = BUILT_PRODUCTS_DIR; };
		D3B6686E2A2895830007085B /* GIFTests.swift */ = {isa = PBXFileReference; lastKnownFileType = sourcecode.swift; path = GIFTests.swift; sourceTree = "<group>"; };
		D3B668742A2895830007085B /* GIFUITests.xctest */ = {isa = PBXFileReference; explicitFileType = wrapper.cfbundle; includeInIndex = 0; path = GIFUITests.xctest; sourceTree = BUILT_PRODUCTS_DIR; };
		D3B668782A2895830007085B /* GIFUITests.swift */ = {isa = PBXFileReference; lastKnownFileType = sourcecode.swift; path = GIFUITests.swift; sourceTree = "<group>"; };
		D3B6687A2A2895830007085B /* GIFUITestsLaunchTests.swift */ = {isa = PBXFileReference; lastKnownFileType = sourcecode.swift; path = GIFUITestsLaunchTests.swift; sourceTree = "<group>"; };
		D3B6688B2A2895D40007085B /* WidgetGIFExtension.appex */ = {isa = PBXFileReference; explicitFileType = "wrapper.app-extension"; includeInIndex = 0; path = WidgetGIFExtension.appex; sourceTree = BUILT_PRODUCTS_DIR; };
		D3B6688D2A2895D40007085B /* WidgetKit.framework */ = {isa = PBXFileReference; lastKnownFileType = wrapper.framework; name = WidgetKit.framework; path = System/Library/Frameworks/WidgetKit.framework; sourceTree = SDKROOT; };
		D3B6688F2A2895D40007085B /* SwiftUI.framework */ = {isa = PBXFileReference; lastKnownFileType = wrapper.framework; name = SwiftUI.framework; path = System/Library/Frameworks/SwiftUI.framework; sourceTree = SDKROOT; };
		D3B668922A2895D40007085B /* WidgetGIFBundle.swift */ = {isa = PBXFileReference; lastKnownFileType = sourcecode.swift; path = WidgetGIFBundle.swift; sourceTree = "<group>"; };
		D3B668962A2895D60007085B /* Assets.xcassets */ = {isa = PBXFileReference; lastKnownFileType = folder.assetcatalog; path = Assets.xcassets; sourceTree = "<group>"; };
		D3B668982A2895D60007085B /* Info.plist */ = {isa = PBXFileReference; lastKnownFileType = text.plist.xml; path = Info.plist; sourceTree = "<group>"; };
		D3B668A42A289B3E0007085B /* jerry-tom.gif */ = {isa = PBXFileReference; lastKnownFileType = image.gif; path = "jerry-tom.gif"; sourceTree = "<group>"; };
		D3B668B72A2B1F4E0007085B /* scary-jerry.png */ = {isa = PBXFileReference; lastKnownFileType = image.png; path = "scary-jerry.png"; sourceTree = "<group>"; };
		D3B668B92A2B20500007085B /* WigetGIF.swift */ = {isa = PBXFileReference; lastKnownFileType = sourcecode.swift; path = WigetGIF.swift; sourceTree = "<group>"; };
/* End PBXFileReference section */

/* Begin PBXFrameworksBuildPhase section */
		D3B668572A2895810007085B /* Frameworks */ = {
			isa = PBXFrameworksBuildPhase;
			buildActionMask = 2147483647;
			files = (
				D3B668B42A2A40FD0007085B /* FLAnimatedImage in Frameworks */,
				D3B668AE2A28A3890007085B /* SDWebImageMapKit in Frameworks */,
				D3B668AC2A28A3890007085B /* SDWebImage in Frameworks */,
			);
			runOnlyForDeploymentPostprocessing = 0;
		};
		D3B668672A2895830007085B /* Frameworks */ = {
			isa = PBXFrameworksBuildPhase;
			buildActionMask = 2147483647;
			files = (
			);
			runOnlyForDeploymentPostprocessing = 0;
		};
		D3B668712A2895830007085B /* Frameworks */ = {
			isa = PBXFrameworksBuildPhase;
			buildActionMask = 2147483647;
			files = (
			);
			runOnlyForDeploymentPostprocessing = 0;
		};
		D3B668882A2895D40007085B /* Frameworks */ = {
			isa = PBXFrameworksBuildPhase;
			buildActionMask = 2147483647;
			files = (
				D3B668902A2895D40007085B /* SwiftUI.framework in Frameworks */,
				D3B6688E2A2895D40007085B /* WidgetKit.framework in Frameworks */,
			);
			runOnlyForDeploymentPostprocessing = 0;
		};
/* End PBXFrameworksBuildPhase section */

/* Begin PBXGroup section */
		D3B668512A2895810007085B = {
			isa = PBXGroup;
			children = (
				D3B6685C2A2895810007085B /* GIF */,
				D3B6686D2A2895830007085B /* GIFTests */,
				D3B668772A2895830007085B /* GIFUITests */,
				D3B668912A2895D40007085B /* WidgetGIF */,
				D3B6688C2A2895D40007085B /* Frameworks */,
				D3B6685B2A2895810007085B /* Products */,
			);
			sourceTree = "<group>";
		};
		D3B6685B2A2895810007085B /* Products */ = {
			isa = PBXGroup;
			children = (
				D3B6685A2A2895810007085B /* GIF.app */,
				D3B6686A2A2895830007085B /* GIFTests.xctest */,
				D3B668742A2895830007085B /* GIFUITests.xctest */,
				D3B6688B2A2895D40007085B /* WidgetGIFExtension.appex */,
			);
			name = Products;
			sourceTree = "<group>";
		};
		D3B6685C2A2895810007085B /* GIF */ = {
			isa = PBXGroup;
			children = (
				D3B6685D2A2895810007085B /* GIFApp.swift */,
				D3B6685F2A2895810007085B /* ContentView.swift */,
				D3B668612A2895830007085B /* Assets.xcassets */,
				D3B668632A2895830007085B /* Preview Content */,
			);
			path = GIF;
			sourceTree = "<group>";
		};
		D3B668632A2895830007085B /* Preview Content */ = {
			isa = PBXGroup;
			children = (
				D3B668642A2895830007085B /* Preview Assets.xcassets */,
			);
			path = "Preview Content";
			sourceTree = "<group>";
		};
		D3B6686D2A2895830007085B /* GIFTests */ = {
			isa = PBXGroup;
			children = (
				D3B6686E2A2895830007085B /* GIFTests.swift */,
			);
			path = GIFTests;
			sourceTree = "<group>";
		};
		D3B668772A2895830007085B /* GIFUITests */ = {
			isa = PBXGroup;
			children = (
				D3B668782A2895830007085B /* GIFUITests.swift */,
				D3B6687A2A2895830007085B /* GIFUITestsLaunchTests.swift */,
			);
			path = GIFUITests;
			sourceTree = "<group>";
		};
		D3B6688C2A2895D40007085B /* Frameworks */ = {
			isa = PBXGroup;
			children = (
				D3B6688D2A2895D40007085B /* WidgetKit.framework */,
				D3B6688F2A2895D40007085B /* SwiftUI.framework */,
			);
			name = Frameworks;
			sourceTree = "<group>";
		};
		D3B668912A2895D40007085B /* WidgetGIF */ = {
			isa = PBXGroup;
			children = (
				D3B668B72A2B1F4E0007085B /* scary-jerry.png */,
				D3B668A42A289B3E0007085B /* jerry-tom.gif */,
				D3B668B92A2B20500007085B /* WigetGIF.swift */,
				D3B668922A2895D40007085B /* WidgetGIFBundle.swift */,
				D3B668962A2895D60007085B /* Assets.xcassets */,
				D3B668982A2895D60007085B /* Info.plist */,
			);
			path = WidgetGIF;
			sourceTree = "<group>";
		};
/* End PBXGroup section */

/* Begin PBXNativeTarget section */
		D3B668592A2895810007085B /* GIF */ = {
			isa = PBXNativeTarget;
			buildConfigurationList = D3B6687E2A2895830007085B /* Build configuration list for PBXNativeTarget "GIF" */;
			buildPhases = (
				D3B668562A2895810007085B /* Sources */,
				D3B668572A2895810007085B /* Frameworks */,
				D3B668582A2895810007085B /* Resources */,
				D3B6689F2A2895D60007085B /* Embed Foundation Extensions */,
			);
			buildRules = (
			);
			dependencies = (
				D3B6689A2A2895D60007085B /* PBXTargetDependency */,
			);
			name = GIF;
			packageProductDependencies = (
				D3B668AB2A28A3890007085B /* SDWebImage */,
				D3B668AD2A28A3890007085B /* SDWebImageMapKit */,
				D3B668B32A2A40FD0007085B /* FLAnimatedImage */,
			);
			productName = GIF;
			productReference = D3B6685A2A2895810007085B /* GIF.app */;
			productType = "com.apple.product-type.application";
		};
		D3B668692A2895830007085B /* GIFTests */ = {
			isa = PBXNativeTarget;
			buildConfigurationList = D3B668812A2895830007085B /* Build configuration list for PBXNativeTarget "GIFTests" */;
			buildPhases = (
				D3B668662A2895830007085B /* Sources */,
				D3B668672A2895830007085B /* Frameworks */,
				D3B668682A2895830007085B /* Resources */,
			);
			buildRules = (
			);
			dependencies = (
				D3B6686C2A2895830007085B /* PBXTargetDependency */,
			);
			name = GIFTests;
			productName = GIFTests;
			productReference = D3B6686A2A2895830007085B /* GIFTests.xctest */;
			productType = "com.apple.product-type.bundle.unit-test";
		};
		D3B668732A2895830007085B /* GIFUITests */ = {
			isa = PBXNativeTarget;
			buildConfigurationList = D3B668842A2895830007085B /* Build configuration list for PBXNativeTarget "GIFUITests" */;
			buildPhases = (
				D3B668702A2895830007085B /* Sources */,
				D3B668712A2895830007085B /* Frameworks */,
				D3B668722A2895830007085B /* Resources */,
			);
			buildRules = (
			);
			dependencies = (
				D3B668762A2895830007085B /* PBXTargetDependency */,
			);
			name = GIFUITests;
			productName = GIFUITests;
			productReference = D3B668742A2895830007085B /* GIFUITests.xctest */;
			productType = "com.apple.product-type.bundle.ui-testing";
		};
		D3B6688A2A2895D40007085B /* WidgetGIFExtension */ = {
			isa = PBXNativeTarget;
			buildConfigurationList = D3B6689C2A2895D60007085B /* Build configuration list for PBXNativeTarget "WidgetGIFExtension" */;
			buildPhases = (
				D3B668872A2895D40007085B /* Sources */,
				D3B668882A2895D40007085B /* Frameworks */,
				D3B668892A2895D40007085B /* Resources */,
			);
			buildRules = (
			);
			dependencies = (
			);
			name = WidgetGIFExtension;
			productName = WidgetGIFExtension;
			productReference = D3B6688B2A2895D40007085B /* WidgetGIFExtension.appex */;
			productType = "com.apple.product-type.app-extension";
		};
/* End PBXNativeTarget section */

/* Begin PBXProject section */
		D3B668522A2895810007085B /* Project object */ = {
			isa = PBXProject;
			attributes = {
				BuildIndependentTargetsInParallel = 1;
				LastSwiftUpdateCheck = 1430;
				LastUpgradeCheck = 1430;
				TargetAttributes = {
					D3B668592A2895810007085B = {
						CreatedOnToolsVersion = 14.3;
					};
					D3B668692A2895830007085B = {
						CreatedOnToolsVersion = 14.3;
						TestTargetID = D3B668592A2895810007085B;
					};
					D3B668732A2895830007085B = {
						CreatedOnToolsVersion = 14.3;
						TestTargetID = D3B668592A2895810007085B;
					};
					D3B6688A2A2895D40007085B = {
						CreatedOnToolsVersion = 14.3;
					};
				};
			};
			buildConfigurationList = D3B668552A2895810007085B /* Build configuration list for PBXProject "GIF" */;
			compatibilityVersion = "Xcode 14.0";
			developmentRegion = en;
			hasScannedForEncodings = 0;
			knownRegions = (
				en,
				Base,
			);
			mainGroup = D3B668512A2895810007085B;
			packageReferences = (
				D3B668AA2A28A3890007085B /* XCRemoteSwiftPackageReference "SDWebImage" */,
				D3B668B22A2A40FD0007085B /* XCRemoteSwiftPackageReference "FLAnimatedImage" */,
			);
			productRefGroup = D3B6685B2A2895810007085B /* Products */;
			projectDirPath = "";
			projectRoot = "";
			targets = (
				D3B668592A2895810007085B /* GIF */,
				D3B668692A2895830007085B /* GIFTests */,
				D3B668732A2895830007085B /* GIFUITests */,
				D3B6688A2A2895D40007085B /* WidgetGIFExtension */,
			);
		};
/* End PBXProject section */

/* Begin PBXResourcesBuildPhase section */
		D3B668582A2895810007085B /* Resources */ = {
			isa = PBXResourcesBuildPhase;
			buildActionMask = 2147483647;
			files = (
				D3B668A52A289B3E0007085B /* jerry-tom.gif in Resources */,
				D3B668652A2895830007085B /* Preview Assets.xcassets in Resources */,
				D3B668622A2895830007085B /* Assets.xcassets in Resources */,
			);
			runOnlyForDeploymentPostprocessing = 0;
		};
		D3B668682A2895830007085B /* Resources */ = {
			isa = PBXResourcesBuildPhase;
			buildActionMask = 2147483647;
			files = (
			);
			runOnlyForDeploymentPostprocessing = 0;
		};
		D3B668722A2895830007085B /* Resources */ = {
			isa = PBXResourcesBuildPhase;
			buildActionMask = 2147483647;
			files = (
			);
			runOnlyForDeploymentPostprocessing = 0;
		};
		D3B668892A2895D40007085B /* Resources */ = {
			isa = PBXResourcesBuildPhase;
			buildActionMask = 2147483647;
			files = (
				D3B668A62A289B3E0007085B /* jerry-tom.gif in Resources */,
				D3B668B82A2B1F4E0007085B /* scary-jerry.png in Resources */,
				D3B668B02A28BC100007085B /* Assets.xcassets in Resources */,
				D3B668972A2895D60007085B /* Assets.xcassets in Resources */,
			);
			runOnlyForDeploymentPostprocessing = 0;
		};
/* End PBXResourcesBuildPhase section */

/* Begin PBXSourcesBuildPhase section */
		D3B668562A2895810007085B /* Sources */ = {
			isa = PBXSourcesBuildPhase;
			buildActionMask = 2147483647;
			files = (
				D3B668602A2895810007085B /* ContentView.swift in Sources */,
				D3B6685E2A2895810007085B /* GIFApp.swift in Sources */,
			);
			runOnlyForDeploymentPostprocessing = 0;
		};
		D3B668662A2895830007085B /* Sources */ = {
			isa = PBXSourcesBuildPhase;
			buildActionMask = 2147483647;
			files = (
				D3B6686F2A2895830007085B /* GIFTests.swift in Sources */,
			);
			runOnlyForDeploymentPostprocessing = 0;
		};
		D3B668702A2895830007085B /* Sources */ = {
			isa = PBXSourcesBuildPhase;
			buildActionMask = 2147483647;
			files = (
				D3B668792A2895830007085B /* GIFUITests.swift in Sources */,
				D3B6687B2A2895830007085B /* GIFUITestsLaunchTests.swift in Sources */,
			);
			runOnlyForDeploymentPostprocessing = 0;
		};
		D3B668872A2895D40007085B /* Sources */ = {
			isa = PBXSourcesBuildPhase;
			buildActionMask = 2147483647;
			files = (
				D3B668B12A28BC170007085B /* ContentView.swift in Sources */,
				D3B668932A2895D40007085B /* WidgetGIFBundle.swift in Sources */,
				D3B668BA2A2B20500007085B /* WigetGIF.swift in Sources */,
			);
			runOnlyForDeploymentPostprocessing = 0;
		};
/* End PBXSourcesBuildPhase section */

/* Begin PBXTargetDependency section */
		D3B6686C2A2895830007085B /* PBXTargetDependency */ = {
			isa = PBXTargetDependency;
			target = D3B668592A2895810007085B /* GIF */;
			targetProxy = D3B6686B2A2895830007085B /* PBXContainerItemProxy */;
		};
		D3B668762A2895830007085B /* PBXTargetDependency */ = {
			isa = PBXTargetDependency;
			target = D3B668592A2895810007085B /* GIF */;
			targetProxy = D3B668752A2895830007085B /* PBXContainerItemProxy */;
		};
		D3B6689A2A2895D60007085B /* PBXTargetDependency */ = {
			isa = PBXTargetDependency;
			target = D3B6688A2A2895D40007085B /* WidgetGIFExtension */;
			targetProxy = D3B668992A2895D60007085B /* PBXContainerItemProxy */;
		};
/* End PBXTargetDependency section */

/* Begin XCBuildConfiguration section */
		D3B6687C2A2895830007085B /* Debug */ = {
			isa = XCBuildConfiguration;
			buildSettings = {
				ALWAYS_SEARCH_USER_PATHS = NO;
				CLANG_ANALYZER_NONNULL = YES;
				CLANG_ANALYZER_NUMBER_OBJECT_CONVERSION = YES_AGGRESSIVE;
				CLANG_CXX_LANGUAGE_STANDARD = "gnu++20";
				CLANG_ENABLE_MODULES = YES;
				CLANG_ENABLE_OBJC_ARC = YES;
				CLANG_ENABLE_OBJC_WEAK = YES;
				CLANG_WARN_BLOCK_CAPTURE_AUTORELEASING = YES;
				CLANG_WARN_BOOL_CONVERSION = YES;
				CLANG_WARN_COMMA = YES;
				CLANG_WARN_CONSTANT_CONVERSION = YES;
				CLANG_WARN_DEPRECATED_OBJC_IMPLEMENTATIONS = YES;
				CLANG_WARN_DIRECT_OBJC_ISA_USAGE = YES_ERROR;
				CLANG_WARN_DOCUMENTATION_COMMENTS = YES;
				CLANG_WARN_EMPTY_BODY = YES;
				CLANG_WARN_ENUM_CONVERSION = YES;
				CLANG_WARN_INFINITE_RECURSION = YES;
				CLANG_WARN_INT_CONVERSION = YES;
				CLANG_WARN_NON_LITERAL_NULL_CONVERSION = YES;
				CLANG_WARN_OBJC_IMPLICIT_RETAIN_SELF = YES;
				CLANG_WARN_OBJC_LITERAL_CONVERSION = YES;
				CLANG_WARN_OBJC_ROOT_CLASS = YES_ERROR;
				CLANG_WARN_QUOTED_INCLUDE_IN_FRAMEWORK_HEADER = YES;
				CLANG_WARN_RANGE_LOOP_ANALYSIS = YES;
				CLANG_WARN_STRICT_PROTOTYPES = YES;
				CLANG_WARN_SUSPICIOUS_MOVE = YES;
				CLANG_WARN_UNGUARDED_AVAILABILITY = YES_AGGRESSIVE;
				CLANG_WARN_UNREACHABLE_CODE = YES;
				CLANG_WARN__DUPLICATE_METHOD_MATCH = YES;
				COPY_PHASE_STRIP = NO;
				DEBUG_INFORMATION_FORMAT = dwarf;
				ENABLE_STRICT_OBJC_MSGSEND = YES;
				ENABLE_TESTABILITY = YES;
				GCC_C_LANGUAGE_STANDARD = gnu11;
				GCC_DYNAMIC_NO_PIC = NO;
				GCC_NO_COMMON_BLOCKS = YES;
				GCC_OPTIMIZATION_LEVEL = 0;
				GCC_PREPROCESSOR_DEFINITIONS = (
					"DEBUG=1",
					"$(inherited)",
				);
				GCC_WARN_64_TO_32_BIT_CONVERSION = YES;
				GCC_WARN_ABOUT_RETURN_TYPE = YES_ERROR;
				GCC_WARN_UNDECLARED_SELECTOR = YES;
				GCC_WARN_UNINITIALIZED_AUTOS = YES_AGGRESSIVE;
				GCC_WARN_UNUSED_FUNCTION = YES;
				GCC_WARN_UNUSED_VARIABLE = YES;
				IPHONEOS_DEPLOYMENT_TARGET = 16.4;
				MTL_ENABLE_DEBUG_INFO = INCLUDE_SOURCE;
				MTL_FAST_MATH = YES;
				ONLY_ACTIVE_ARCH = YES;
				SDKROOT = iphoneos;
				SWIFT_ACTIVE_COMPILATION_CONDITIONS = DEBUG;
				SWIFT_OPTIMIZATION_LEVEL = "-Onone";
			};
			name = Debug;
		};
		D3B6687D2A2895830007085B /* Release */ = {
			isa = XCBuildConfiguration;
			buildSettings = {
				ALWAYS_SEARCH_USER_PATHS = NO;
				CLANG_ANALYZER_NONNULL = YES;
				CLANG_ANALYZER_NUMBER_OBJECT_CONVERSION = YES_AGGRESSIVE;
				CLANG_CXX_LANGUAGE_STANDARD = "gnu++20";
				CLANG_ENABLE_MODULES = YES;
				CLANG_ENABLE_OBJC_ARC = YES;
				CLANG_ENABLE_OBJC_WEAK = YES;
				CLANG_WARN_BLOCK_CAPTURE_AUTORELEASING = YES;
				CLANG_WARN_BOOL_CONVERSION = YES;
				CLANG_WARN_COMMA = YES;
				CLANG_WARN_CONSTANT_CONVERSION = YES;
				CLANG_WARN_DEPRECATED_OBJC_IMPLEMENTATIONS = YES;
				CLANG_WARN_DIRECT_OBJC_ISA_USAGE = YES_ERROR;
				CLANG_WARN_DOCUMENTATION_COMMENTS = YES;
				CLANG_WARN_EMPTY_BODY = YES;
				CLANG_WARN_ENUM_CONVERSION = YES;
				CLANG_WARN_INFINITE_RECURSION = YES;
				CLANG_WARN_INT_CONVERSION = YES;
				CLANG_WARN_NON_LITERAL_NULL_CONVERSION = YES;
				CLANG_WARN_OBJC_IMPLICIT_RETAIN_SELF = YES;
				CLANG_WARN_OBJC_LITERAL_CONVERSION = YES;
				CLANG_WARN_OBJC_ROOT_CLASS = YES_ERROR;
				CLANG_WARN_QUOTED_INCLUDE_IN_FRAMEWORK_HEADER = YES;
				CLANG_WARN_RANGE_LOOP_ANALYSIS = YES;
				CLANG_WARN_STRICT_PROTOTYPES = YES;
				CLANG_WARN_SUSPICIOUS_MOVE = YES;
				CLANG_WARN_UNGUARDED_AVAILABILITY = YES_AGGRESSIVE;
				CLANG_WARN_UNREACHABLE_CODE = YES;
				CLANG_WARN__DUPLICATE_METHOD_MATCH = YES;
				COPY_PHASE_STRIP = NO;
				DEBUG_INFORMATION_FORMAT = "dwarf-with-dsym";
				ENABLE_NS_ASSERTIONS = NO;
				ENABLE_STRICT_OBJC_MSGSEND = YES;
				GCC_C_LANGUAGE_STANDARD = gnu11;
				GCC_NO_COMMON_BLOCKS = YES;
				GCC_WARN_64_TO_32_BIT_CONVERSION = YES;
				GCC_WARN_ABOUT_RETURN_TYPE = YES_ERROR;
				GCC_WARN_UNDECLARED_SELECTOR = YES;
				GCC_WARN_UNINITIALIZED_AUTOS = YES_AGGRESSIVE;
				GCC_WARN_UNUSED_FUNCTION = YES;
				GCC_WARN_UNUSED_VARIABLE = YES;
				IPHONEOS_DEPLOYMENT_TARGET = 16.4;
				MTL_ENABLE_DEBUG_INFO = NO;
				MTL_FAST_MATH = YES;
				SDKROOT = iphoneos;
				SWIFT_COMPILATION_MODE = wholemodule;
				SWIFT_OPTIMIZATION_LEVEL = "-O";
				VALIDATE_PRODUCT = YES;
			};
			name = Release;
		};
		D3B6687F2A2895830007085B /* Debug */ = {
			isa = XCBuildConfiguration;
			buildSettings = {
				ALWAYS_EMBED_SWIFT_STANDARD_LIBRARIES = YES;
				ASSETCATALOG_COMPILER_APPICON_NAME = AppIcon;
				ASSETCATALOG_COMPILER_GLOBAL_ACCENT_COLOR_NAME = AccentColor;
				CODE_SIGN_STYLE = Automatic;
				CURRENT_PROJECT_VERSION = 1;
				DEVELOPMENT_ASSET_PATHS = "\"GIF/Preview Content\"";
				ENABLE_PREVIEWS = YES;
				GENERATE_INFOPLIST_FILE = YES;
				INFOPLIST_KEY_UIApplicationSceneManifest_Generation = YES;
				INFOPLIST_KEY_UIApplicationSupportsIndirectInputEvents = YES;
				INFOPLIST_KEY_UILaunchScreen_Generation = YES;
				INFOPLIST_KEY_UISupportedInterfaceOrientations_iPad = "UIInterfaceOrientationPortrait UIInterfaceOrientationPortraitUpsideDown UIInterfaceOrientationLandscapeLeft UIInterfaceOrientationLandscapeRight";
				INFOPLIST_KEY_UISupportedInterfaceOrientations_iPhone = "UIInterfaceOrientationPortrait UIInterfaceOrientationLandscapeLeft UIInterfaceOrientationLandscapeRight";
				LD_RUNPATH_SEARCH_PATHS = (
					"$(inherited)",
					"@executable_path/Frameworks",
				);
				MARKETING_VERSION = 1.0;
				PRODUCT_BUNDLE_IDENTIFIER = com.example.GIF;
				PRODUCT_NAME = "$(TARGET_NAME)";
				SWIFT_EMIT_LOC_STRINGS = YES;
				SWIFT_VERSION = 5.0;
				TARGETED_DEVICE_FAMILY = "1,2";
			};
			name = Debug;
		};
		D3B668802A2895830007085B /* Release */ = {
			isa = XCBuildConfiguration;
			buildSettings = {
				ALWAYS_EMBED_SWIFT_STANDARD_LIBRARIES = YES;
				ASSETCATALOG_COMPILER_APPICON_NAME = AppIcon;
				ASSETCATALOG_COMPILER_GLOBAL_ACCENT_COLOR_NAME = AccentColor;
				CODE_SIGN_STYLE = Automatic;
				CURRENT_PROJECT_VERSION = 1;
				DEVELOPMENT_ASSET_PATHS = "\"GIF/Preview Content\"";
				ENABLE_PREVIEWS = YES;
				GENERATE_INFOPLIST_FILE = YES;
				INFOPLIST_KEY_UIApplicationSceneManifest_Generation = YES;
				INFOPLIST_KEY_UIApplicationSupportsIndirectInputEvents = YES;
				INFOPLIST_KEY_UILaunchScreen_Generation = YES;
				INFOPLIST_KEY_UISupportedInterfaceOrientations_iPad = "UIInterfaceOrientationPortrait UIInterfaceOrientationPortraitUpsideDown UIInterfaceOrientationLandscapeLeft UIInterfaceOrientationLandscapeRight";
				INFOPLIST_KEY_UISupportedInterfaceOrientations_iPhone = "UIInterfaceOrientationPortrait UIInterfaceOrientationLandscapeLeft UIInterfaceOrientationLandscapeRight";
				LD_RUNPATH_SEARCH_PATHS = (
					"$(inherited)",
					"@executable_path/Frameworks",
				);
				MARKETING_VERSION = 1.0;
				PRODUCT_BUNDLE_IDENTIFIER = com.example.GIF;
				PRODUCT_NAME = "$(TARGET_NAME)";
				SWIFT_EMIT_LOC_STRINGS = YES;
				SWIFT_VERSION = 5.0;
				TARGETED_DEVICE_FAMILY = "1,2";
			};
			name = Release;
		};
		D3B668822A2895830007085B /* Debug */ = {
			isa = XCBuildConfiguration;
			buildSettings = {
				ALWAYS_EMBED_SWIFT_STANDARD_LIBRARIES = YES;
				BUNDLE_LOADER = "$(TEST_HOST)";
				CODE_SIGN_STYLE = Automatic;
				CURRENT_PROJECT_VERSION = 1;
				GENERATE_INFOPLIST_FILE = YES;
				IPHONEOS_DEPLOYMENT_TARGET = 16.4;
				MARKETING_VERSION = 1.0;
				PRODUCT_BUNDLE_IDENTIFIER = com.example.GIFTests;
				PRODUCT_NAME = "$(TARGET_NAME)";
				SWIFT_EMIT_LOC_STRINGS = NO;
				SWIFT_VERSION = 5.0;
				TARGETED_DEVICE_FAMILY = "1,2";
				TEST_HOST = "$(BUILT_PRODUCTS_DIR)/GIF.app/$(BUNDLE_EXECUTABLE_FOLDER_PATH)/GIF";
			};
			name = Debug;
		};
		D3B668832A2895830007085B /* Release */ = {
			isa = XCBuildConfiguration;
			buildSettings = {
				ALWAYS_EMBED_SWIFT_STANDARD_LIBRARIES = YES;
				BUNDLE_LOADER = "$(TEST_HOST)";
				CODE_SIGN_STYLE = Automatic;
				CURRENT_PROJECT_VERSION = 1;
				GENERATE_INFOPLIST_FILE = YES;
				IPHONEOS_DEPLOYMENT_TARGET = 16.4;
				MARKETING_VERSION = 1.0;
				PRODUCT_BUNDLE_IDENTIFIER = com.example.GIFTests;
				PRODUCT_NAME = "$(TARGET_NAME)";
				SWIFT_EMIT_LOC_STRINGS = NO;
				SWIFT_VERSION = 5.0;
				TARGETED_DEVICE_FAMILY = "1,2";
				TEST_HOST = "$(BUILT_PRODUCTS_DIR)/GIF.app/$(BUNDLE_EXECUTABLE_FOLDER_PATH)/GIF";
			};
			name = Release;
		};
		D3B668852A2895830007085B /* Debug */ = {
			isa = XCBuildConfiguration;
			buildSettings = {
				ALWAYS_EMBED_SWIFT_STANDARD_LIBRARIES = YES;
				CODE_SIGN_STYLE = Automatic;
				CURRENT_PROJECT_VERSION = 1;
				GENERATE_INFOPLIST_FILE = YES;
				MARKETING_VERSION = 1.0;
				PRODUCT_BUNDLE_IDENTIFIER = com.example.GIFUITests;
				PRODUCT_NAME = "$(TARGET_NAME)";
				SWIFT_EMIT_LOC_STRINGS = NO;
				SWIFT_VERSION = 5.0;
				TARGETED_DEVICE_FAMILY = "1,2";
				TEST_TARGET_NAME = GIF;
			};
			name = Debug;
		};
		D3B668862A2895830007085B /* Release */ = {
			isa = XCBuildConfiguration;
			buildSettings = {
				ALWAYS_EMBED_SWIFT_STANDARD_LIBRARIES = YES;
				CODE_SIGN_STYLE = Automatic;
				CURRENT_PROJECT_VERSION = 1;
				GENERATE_INFOPLIST_FILE = YES;
				MARKETING_VERSION = 1.0;
				PRODUCT_BUNDLE_IDENTIFIER = com.example.GIFUITests;
				PRODUCT_NAME = "$(TARGET_NAME)";
				SWIFT_EMIT_LOC_STRINGS = NO;
				SWIFT_VERSION = 5.0;
				TARGETED_DEVICE_FAMILY = "1,2";
				TEST_TARGET_NAME = GIF;
			};
			name = Release;
		};
		D3B6689D2A2895D60007085B /* Debug */ = {
			isa = XCBuildConfiguration;
			buildSettings = {
				ASSETCATALOG_COMPILER_GLOBAL_ACCENT_COLOR_NAME = AccentColor;
				ASSETCATALOG_COMPILER_WIDGET_BACKGROUND_COLOR_NAME = WidgetBackground;
				CODE_SIGN_STYLE = Automatic;
				CURRENT_PROJECT_VERSION = 1;
				GENERATE_INFOPLIST_FILE = YES;
				INFOPLIST_FILE = WidgetGIF/Info.plist;
				INFOPLIST_KEY_CFBundleDisplayName = WidgetGIF;
				INFOPLIST_KEY_NSHumanReadableCopyright = "";
				LD_RUNPATH_SEARCH_PATHS = (
					"$(inherited)",
					"@executable_path/Frameworks",
					"@executable_path/../../Frameworks",
				);
				MARKETING_VERSION = 1.0;
				PRODUCT_BUNDLE_IDENTIFIER = com.example.GIF.WidgetGIF;
				PRODUCT_NAME = "$(TARGET_NAME)";
				SKIP_INSTALL = YES;
				SWIFT_EMIT_LOC_STRINGS = YES;
				SWIFT_VERSION = 5.0;
				TARGETED_DEVICE_FAMILY = "1,2";
			};
			name = Debug;
		};
		D3B6689E2A2895D60007085B /* Release */ = {
			isa = XCBuildConfiguration;
			buildSettings = {
				ASSETCATALOG_COMPILER_GLOBAL_ACCENT_COLOR_NAME = AccentColor;
				ASSETCATALOG_COMPILER_WIDGET_BACKGROUND_COLOR_NAME = WidgetBackground;
				CODE_SIGN_STYLE = Automatic;
				CURRENT_PROJECT_VERSION = 1;
				GENERATE_INFOPLIST_FILE = YES;
				INFOPLIST_FILE = WidgetGIF/Info.plist;
				INFOPLIST_KEY_CFBundleDisplayName = WidgetGIF;
				INFOPLIST_KEY_NSHumanReadableCopyright = "";
				LD_RUNPATH_SEARCH_PATHS = (
					"$(inherited)",
					"@executable_path/Frameworks",
					"@executable_path/../../Frameworks",
				);
				MARKETING_VERSION = 1.0;
				PRODUCT_BUNDLE_IDENTIFIER = com.example.GIF.WidgetGIF;
				PRODUCT_NAME = "$(TARGET_NAME)";
				SKIP_INSTALL = YES;
				SWIFT_EMIT_LOC_STRINGS = YES;
				SWIFT_VERSION = 5.0;
				TARGETED_DEVICE_FAMILY = "1,2";
			};
			name = Release;
		};
/* End XCBuildConfiguration section */

/* Begin XCConfigurationList section */
		D3B668552A2895810007085B /* Build configuration list for PBXProject "GIF" */ = {
			isa = XCConfigurationList;
			buildConfigurations = (
				D3B6687C2A2895830007085B /* Debug */,
				D3B6687D2A2895830007085B /* Release */,
			);
			defaultConfigurationIsVisible = 0;
			defaultConfigurationName = Release;
		};
		D3B6687E2A2895830007085B /* Build configuration list for PBXNativeTarget "GIF" */ = {
			isa = XCConfigurationList;
			buildConfigurations = (
				D3B6687F2A2895830007085B /* Debug */,
				D3B668802A2895830007085B /* Release */,
			);
			defaultConfigurationIsVisible = 0;
			defaultConfigurationName = Release;
		};
		D3B668812A2895830007085B /* Build configuration list for PBXNativeTarget "GIFTests" */ = {
			isa = XCConfigurationList;
			buildConfigurations = (
				D3B668822A2895830007085B /* Debug */,
				D3B668832A2895830007085B /* Release */,
			);
			defaultConfigurationIsVisible = 0;
			defaultConfigurationName = Release;
		};
		D3B668842A2895830007085B /* Build configuration list for PBXNativeTarget "GIFUITests" */ = {
			isa = XCConfigurationList;
			buildConfigurations = (
				D3B668852A2895830007085B /* Debug */,
				D3B668862A2895830007085B /* Release */,
			);
			defaultConfigurationIsVisible = 0;
			defaultConfigurationName = Release;
		};
		D3B6689C2A2895D60007085B /* Build configuration list for PBXNativeTarget "WidgetGIFExtension" */ = {
			isa = XCConfigurationList;
			buildConfigurations = (
				D3B6689D2A2895D60007085B /* Debug */,
				D3B6689E2A2895D60007085B /* Release */,
			);
			defaultConfigurationIsVisible = 0;
			defaultConfigurationName = Release;
		};
/* End XCConfigurationList section */

/* Begin XCRemoteSwiftPackageReference section */
		D3B668AA2A28A3890007085B /* XCRemoteSwiftPackageReference "SDWebImage" */ = {
			isa = XCRemoteSwiftPackageReference;
			repositoryURL = "https://github.com/SDWebImage/SDWebImage";
			requirement = {
				kind = upToNextMajorVersion;
				minimumVersion = 5.0.0;
			};
		};
		D3B668B22A2A40FD0007085B /* XCRemoteSwiftPackageReference "FLAnimatedImage" */ = {
			isa = XCRemoteSwiftPackageReference;
			repositoryURL = "https://github.com/Flipboard/FLAnimatedImage.git";
			requirement = {
				kind = upToNextMajorVersion;
				minimumVersion = 1.0.0;
			};
		};
/* End XCRemoteSwiftPackageReference section */

/* Begin XCSwiftPackageProductDependency section */
		D3B668AB2A28A3890007085B /* SDWebImage */ = {
			isa = XCSwiftPackageProductDependency;
			package = D3B668AA2A28A3890007085B /* XCRemoteSwiftPackageReference "SDWebImage" */;
			productName = SDWebImage;
		};
		D3B668AD2A28A3890007085B /* SDWebImageMapKit */ = {
			isa = XCSwiftPackageProductDependency;
			package = D3B668AA2A28A3890007085B /* XCRemoteSwiftPackageReference "SDWebImage" */;
			productName = SDWebImageMapKit;
		};
		D3B668B32A2A40FD0007085B /* FLAnimatedImage */ = {
			isa = XCSwiftPackageProductDependency;
			package = D3B668B22A2A40FD0007085B /* XCRemoteSwiftPackageReference "FLAnimatedImage" */;
			productName = FLAnimatedImage;
		};
/* End XCSwiftPackageProductDependency section */
	};
	rootObject = D3B668522A2895810007085B /* Project object */;
}
